
Microsoft Visual Studio Solution File, Format Version 12.00
# Visual Studio Version 16
VisualStudioVersion = 16.0.31410.357
MinimumVisualStudioVersion = 10.0.40219.1
Project("{9A19103F-16F7-4668-BE54-9A1E7A4F7556}") = "SystemDispatcher", "SystemDispatcher\SystemDispatcher.csproj", "{76B663B8-CDF8-45B7-8172-6F24FA02D38B}"
EndProject
Project("{9A19103F-16F7-4668-BE54-9A1E7A4F7556}") = "DataAccessLibrary", "DataAccessLibrary\DataAccessLibrary.csproj", "{A9814258-3D87-4EB3-AC69-99243B4547B9}"
EndProject
Global
	GlobalSection(SolutionConfigurationPlatforms) = preSolution
		Debug|Any CPU = Debug|Any CPU
		Release|Any CPU = Release|Any CPU
	EndGlobalSection
	GlobalSection(ProjectConfigurationPlatforms) = postSolution
		{76B663B8-CDF8-45B7-8172-6F24FA02D38B}.Debug|Any CPU.ActiveCfg = Debug|Any CPU
		{76B663B8-CDF8-45B7-8172-6F24FA02D38B}.Debug|Any CPU.Build.0 = Debug|Any CPU
		{76B663B8-CDF8-45B7-8172-6F24FA02D38B}.Release|Any CPU.ActiveCfg = Release|Any CPU
		{76B663B8-CDF8-45B7-8172-6F24FA02D38B}.Release|Any CPU.Build.0 = Release|Any CPU
		{A9814258-3D87-4EB3-AC69-99243B4547B9}.Debug|Any CPU.ActiveCfg = Debug|Any CPU
		{A9814258-3D87-4EB3-AC69-99243B4547B9}.Debug|Any CPU.Build.0 = Debug|Any CPU
		{A9814258-3D87-4EB3-AC69-99243B4547B9}.Release|Any CPU.ActiveCfg = Release|Any CPU
		{A9814258-3D87-4EB3-AC69-99243B4547B9}.Release|Any CPU.Build.0 = Release|Any CPU
	EndGlobalSection
	GlobalSection(SolutionProperties) = preSolution
		HideSolutionNode = FALSE
	EndGlobalSection
	GlobalSection(ExtensibilityGlobals) = postSolution
		SolutionGuid = {06C6143C-9BAA-45B8-8853-3E37464D0C27}
	EndGlobalSection
EndGlobal
